
Microsoft Visual Studio Solution File, Format Version 12.00
# Visual Studio 15
VisualStudioVersion = 15.0.27703.2047
MinimumVisualStudioVersion = 10.0.40219.1
Project("{FAE04EC0-301F-11D3-BF4B-00C04F79EFBC}") = "Topshelf_Framework", "Topshelf_Framework\Topshelf_Framework.csproj", "{074A1421-C0FD-4FBE-8D05-6A0D4AF6594D}"
EndProject
Project("{9A19103F-16F7-4668-BE54-9A1E7A4F7556}") = "Topshelf_Core", "Topshelf_Core\Topshelf_Core.csproj", "{172626BC-E4D5-4E7B-9E05-082BCB8004CA}"
EndProject
Project("{9A19103F-16F7-4668-BE54-9A1E7A4F7556}") = "Topshelf_Core_Quartz", "Topshelf_Core_Quartz\Topshelf_Core_Quartz.csproj", "{340EE85E-F69C-4B6C-A499-F2DC0D9E822C}"
EndProject
Project("{FAE04EC0-301F-11D3-BF4B-00C04F79EFBC}") = "Topshelf_Framework_Exe", "Topshelf_Framework_Exe\Topshelf_Framework_Exe.csproj", "{CA687570-27E5-4360-9FB8-AFF331CDC06F}"
EndProject
Project("{FAE04EC0-301F-11D3-BF4B-00C04F79EFBC}") = "Topshelf_WindowsUpdateWatch", "Topshelf_WindowsUpdateWatch\Topshelf_WindowsUpdateWatch.csproj", "{1D2448FB-7C74-471A-8B21-8095FFD3B486}"
EndProject
Global
	GlobalSection(SolutionConfigurationPlatforms) = preSolution
		Debug|Any CPU = Debug|Any CPU
		Release|Any CPU = Release|Any CPU
	EndGlobalSection
	GlobalSection(ProjectConfigurationPlatforms) = postSolution
		{074A1421-C0FD-4FBE-8D05-6A0D4AF6594D}.Debug|Any CPU.ActiveCfg = Debug|Any CPU
		{074A1421-C0FD-4FBE-8D05-6A0D4AF6594D}.Debug|Any CPU.Build.0 = Debug|Any CPU
		{074A1421-C0FD-4FBE-8D05-6A0D4AF6594D}.Release|Any CPU.ActiveCfg = Release|Any CPU
		{074A1421-C0FD-4FBE-8D05-6A0D4AF6594D}.Release|Any CPU.Build.0 = Release|Any CPU
		{172626BC-E4D5-4E7B-9E05-082BCB8004CA}.Debug|Any CPU.ActiveCfg = Debug|Any CPU
		{172626BC-E4D5-4E7B-9E05-082BCB8004CA}.Debug|Any CPU.Build.0 = Debug|Any CPU
		{172626BC-E4D5-4E7B-9E05-082BCB8004CA}.Release|Any CPU.ActiveCfg = Release|Any CPU
		{172626BC-E4D5-4E7B-9E05-082BCB8004CA}.Release|Any CPU.Build.0 = Release|Any CPU
		{340EE85E-F69C-4B6C-A499-F2DC0D9E822C}.Debug|Any CPU.ActiveCfg = Debug|Any CPU
		{340EE85E-F69C-4B6C-A499-F2DC0D9E822C}.Debug|Any CPU.Build.0 = Debug|Any CPU
		{340EE85E-F69C-4B6C-A499-F2DC0D9E822C}.Release|Any CPU.ActiveCfg = Release|Any CPU
		{340EE85E-F69C-4B6C-A499-F2DC0D9E822C}.Release|Any CPU.Build.0 = Release|Any CPU
		{CA687570-27E5-4360-9FB8-AFF331CDC06F}.Debug|Any CPU.ActiveCfg = Debug|Any CPU
		{CA687570-27E5-4360-9FB8-AFF331CDC06F}.Debug|Any CPU.Build.0 = Debug|Any CPU
		{CA687570-27E5-4360-9FB8-AFF331CDC06F}.Release|Any CPU.ActiveCfg = Release|Any CPU
		{CA687570-27E5-4360-9FB8-AFF331CDC06F}.Release|Any CPU.Build.0 = Release|Any CPU
		{1D2448FB-7C74-471A-8B21-8095FFD3B486}.Debug|Any CPU.ActiveCfg = Debug|Any CPU
		{1D2448FB-7C74-471A-8B21-8095FFD3B486}.Debug|Any CPU.Build.0 = Debug|Any CPU
		{1D2448FB-7C74-471A-8B21-8095FFD3B486}.Release|Any CPU.ActiveCfg = Release|Any CPU
		{1D2448FB-7C74-471A-8B21-8095FFD3B486}.Release|Any CPU.Build.0 = Release|Any CPU
	EndGlobalSection
	GlobalSection(SolutionProperties) = preSolution
		HideSolutionNode = FALSE
	EndGlobalSection
	GlobalSection(ExtensibilityGlobals) = postSolution
		SolutionGuid = {59068589-FFFD-4648-84C7-391A47623C1B}
	EndGlobalSection
EndGlobal
