
Microsoft Visual Studio Solution File, Format Version 12.00
# Visual Studio 15
VisualStudioVersion = 15.0.28010.2003
MinimumVisualStudioVersion = 10.0.40219.1
Project("{2150E333-8FDC-42A3-9474-1A3956D46DE8}") = "简单工厂模式", "简单工厂模式", "{C8C1BEE7-C583-4C7C-A47C-C4DF5F3B926C}"
	ProjectSection(SolutionItems) = preProject
		README1.txt = README1.txt
	EndProjectSection
EndProject
Project("{9A19103F-16F7-4668-BE54-9A1E7A4F7556}") = "新手写法", "新手写法\新手写法.csproj", "{F471B8B2-5011-457A-9372-5F0FAD224569}"
EndProject
Project("{9A19103F-16F7-4668-BE54-9A1E7A4F7556}") = "规范代码", "规范代码\规范代码.csproj", "{9C272EDE-D478-40CD-A6F6-C71B64B8BE9C}"
EndProject
Project("{9A19103F-16F7-4668-BE54-9A1E7A4F7556}") = "抽象——代码复用", "抽象——代码复用\抽象——代码复用.csproj", "{2490D267-D55E-43AC-8301-C6154191977C}"
EndProject
Project("{9A19103F-16F7-4668-BE54-9A1E7A4F7556}") = "紧耦合VS松耦合", "紧耦合VS松耦合\紧耦合VS松耦合.csproj", "{EC1AB477-AF43-487F-84B2-1276A066216C}"
EndProject
Project("{9A19103F-16F7-4668-BE54-9A1E7A4F7556}") = "简单工厂Pattern", "简单工厂Pattern\简单工厂Pattern.csproj", "{0C2039CD-A568-4DF6-A82B-AE881F4388DD}"
EndProject
Project("{2150E333-8FDC-42A3-9474-1A3956D46DE8}") = "策略模式", "策略模式", "{915F8FCD-979E-42AE-99C2-810802C11D7D}"
	ProjectSection(SolutionItems) = preProject
		README2.txt = README2.txt
	EndProjectSection
EndProject
Project("{FAE04EC0-301F-11D3-BF4B-00C04F79EFBC}") = "简单", "简单\简单.csproj", "{3BF0282F-1202-496B-8F59-35433EA801E3}"
EndProject
Project("{FAE04EC0-301F-11D3-BF4B-00C04F79EFBC}") = "增加打折", "增加打折\增加打折.csproj", "{1B095F6B-2A14-4887-9726-D1B113B48E68}"
EndProject
Project("{FAE04EC0-301F-11D3-BF4B-00C04F79EFBC}") = "简单工厂", "简单工厂\简单工厂.csproj", "{1DD391B2-2E4A-4B74-9147-885CFE5C18B0}"
EndProject
Project("{FAE04EC0-301F-11D3-BF4B-00C04F79EFBC}") = "策略模式", "策略模式\策略模式.csproj", "{E0AE376D-5A43-4FEE-9EB2-8938F98A5382}"
EndProject
Global
	GlobalSection(SolutionConfigurationPlatforms) = preSolution
		Debug|Any CPU = Debug|Any CPU
		Release|Any CPU = Release|Any CPU
	EndGlobalSection
	GlobalSection(ProjectConfigurationPlatforms) = postSolution
		{F471B8B2-5011-457A-9372-5F0FAD224569}.Debug|Any CPU.ActiveCfg = Debug|Any CPU
		{F471B8B2-5011-457A-9372-5F0FAD224569}.Debug|Any CPU.Build.0 = Debug|Any CPU
		{F471B8B2-5011-457A-9372-5F0FAD224569}.Release|Any CPU.ActiveCfg = Release|Any CPU
		{F471B8B2-5011-457A-9372-5F0FAD224569}.Release|Any CPU.Build.0 = Release|Any CPU
		{9C272EDE-D478-40CD-A6F6-C71B64B8BE9C}.Debug|Any CPU.ActiveCfg = Debug|Any CPU
		{9C272EDE-D478-40CD-A6F6-C71B64B8BE9C}.Debug|Any CPU.Build.0 = Debug|Any CPU
		{9C272EDE-D478-40CD-A6F6-C71B64B8BE9C}.Release|Any CPU.ActiveCfg = Release|Any CPU
		{9C272EDE-D478-40CD-A6F6-C71B64B8BE9C}.Release|Any CPU.Build.0 = Release|Any CPU
		{2490D267-D55E-43AC-8301-C6154191977C}.Debug|Any CPU.ActiveCfg = Debug|Any CPU
		{2490D267-D55E-43AC-8301-C6154191977C}.Debug|Any CPU.Build.0 = Debug|Any CPU
		{2490D267-D55E-43AC-8301-C6154191977C}.Release|Any CPU.ActiveCfg = Release|Any CPU
		{2490D267-D55E-43AC-8301-C6154191977C}.Release|Any CPU.Build.0 = Release|Any CPU
		{EC1AB477-AF43-487F-84B2-1276A066216C}.Debug|Any CPU.ActiveCfg = Debug|Any CPU
		{EC1AB477-AF43-487F-84B2-1276A066216C}.Debug|Any CPU.Build.0 = Debug|Any CPU
		{EC1AB477-AF43-487F-84B2-1276A066216C}.Release|Any CPU.ActiveCfg = Release|Any CPU
		{EC1AB477-AF43-487F-84B2-1276A066216C}.Release|Any CPU.Build.0 = Release|Any CPU
		{0C2039CD-A568-4DF6-A82B-AE881F4388DD}.Debug|Any CPU.ActiveCfg = Debug|Any CPU
		{0C2039CD-A568-4DF6-A82B-AE881F4388DD}.Debug|Any CPU.Build.0 = Debug|Any CPU
		{0C2039CD-A568-4DF6-A82B-AE881F4388DD}.Release|Any CPU.ActiveCfg = Release|Any CPU
		{0C2039CD-A568-4DF6-A82B-AE881F4388DD}.Release|Any CPU.Build.0 = Release|Any CPU
		{3BF0282F-1202-496B-8F59-35433EA801E3}.Debug|Any CPU.ActiveCfg = Debug|Any CPU
		{3BF0282F-1202-496B-8F59-35433EA801E3}.Debug|Any CPU.Build.0 = Debug|Any CPU
		{3BF0282F-1202-496B-8F59-35433EA801E3}.Release|Any CPU.ActiveCfg = Release|Any CPU
		{3BF0282F-1202-496B-8F59-35433EA801E3}.Release|Any CPU.Build.0 = Release|Any CPU
		{1B095F6B-2A14-4887-9726-D1B113B48E68}.Debug|Any CPU.ActiveCfg = Debug|Any CPU
		{1B095F6B-2A14-4887-9726-D1B113B48E68}.Debug|Any CPU.Build.0 = Debug|Any CPU
		{1B095F6B-2A14-4887-9726-D1B113B48E68}.Release|Any CPU.ActiveCfg = Release|Any CPU
		{1B095F6B-2A14-4887-9726-D1B113B48E68}.Release|Any CPU.Build.0 = Release|Any CPU
		{1DD391B2-2E4A-4B74-9147-885CFE5C18B0}.Debug|Any CPU.ActiveCfg = Debug|Any CPU
		{1DD391B2-2E4A-4B74-9147-885CFE5C18B0}.Debug|Any CPU.Build.0 = Debug|Any CPU
		{1DD391B2-2E4A-4B74-9147-885CFE5C18B0}.Release|Any CPU.ActiveCfg = Release|Any CPU
		{1DD391B2-2E4A-4B74-9147-885CFE5C18B0}.Release|Any CPU.Build.0 = Release|Any CPU
		{E0AE376D-5A43-4FEE-9EB2-8938F98A5382}.Debug|Any CPU.ActiveCfg = Debug|Any CPU
		{E0AE376D-5A43-4FEE-9EB2-8938F98A5382}.Debug|Any CPU.Build.0 = Debug|Any CPU
		{E0AE376D-5A43-4FEE-9EB2-8938F98A5382}.Release|Any CPU.ActiveCfg = Release|Any CPU
		{E0AE376D-5A43-4FEE-9EB2-8938F98A5382}.Release|Any CPU.Build.0 = Release|Any CPU
		{924A75E9-29E6-43E8-8AF4-04066BFC671A}.Debug|Any CPU.ActiveCfg = Debug|Any CPU
		{924A75E9-29E6-43E8-8AF4-04066BFC671A}.Debug|Any CPU.Build.0 = Debug|Any CPU
		{924A75E9-29E6-43E8-8AF4-04066BFC671A}.Release|Any CPU.ActiveCfg = Release|Any CPU
		{924A75E9-29E6-43E8-8AF4-04066BFC671A}.Release|Any CPU.Build.0 = Release|Any CPU
		{19E12E9C-BA43-484B-9A44-A80B80E71A9F}.Debug|Any CPU.ActiveCfg = Debug|Any CPU
		{19E12E9C-BA43-484B-9A44-A80B80E71A9F}.Debug|Any CPU.Build.0 = Debug|Any CPU
		{19E12E9C-BA43-484B-9A44-A80B80E71A9F}.Release|Any CPU.ActiveCfg = Release|Any CPU
		{19E12E9C-BA43-484B-9A44-A80B80E71A9F}.Release|Any CPU.Build.0 = Release|Any CPU
		{D1FB252E-326C-4203-99FB-4A7593235878}.Debug|Any CPU.ActiveCfg = Debug|Any CPU
		{D1FB252E-326C-4203-99FB-4A7593235878}.Debug|Any CPU.Build.0 = Debug|Any CPU
		{D1FB252E-326C-4203-99FB-4A7593235878}.Release|Any CPU.ActiveCfg = Release|Any CPU
		{D1FB252E-326C-4203-99FB-4A7593235878}.Release|Any CPU.Build.0 = Release|Any CPU
	EndGlobalSection
	GlobalSection(SolutionProperties) = preSolution
		HideSolutionNode = FALSE
	EndGlobalSection
	GlobalSection(NestedProjects) = preSolution
		{F471B8B2-5011-457A-9372-5F0FAD224569} = {C8C1BEE7-C583-4C7C-A47C-C4DF5F3B926C}
		{9C272EDE-D478-40CD-A6F6-C71B64B8BE9C} = {C8C1BEE7-C583-4C7C-A47C-C4DF5F3B926C}
		{2490D267-D55E-43AC-8301-C6154191977C} = {C8C1BEE7-C583-4C7C-A47C-C4DF5F3B926C}
		{EC1AB477-AF43-487F-84B2-1276A066216C} = {C8C1BEE7-C583-4C7C-A47C-C4DF5F3B926C}
		{0C2039CD-A568-4DF6-A82B-AE881F4388DD} = {C8C1BEE7-C583-4C7C-A47C-C4DF5F3B926C}
		{3BF0282F-1202-496B-8F59-35433EA801E3} = {915F8FCD-979E-42AE-99C2-810802C11D7D}
		{1B095F6B-2A14-4887-9726-D1B113B48E68} = {915F8FCD-979E-42AE-99C2-810802C11D7D}
		{1DD391B2-2E4A-4B74-9147-885CFE5C18B0} = {915F8FCD-979E-42AE-99C2-810802C11D7D}
		{E0AE376D-5A43-4FEE-9EB2-8938F98A5382} = {915F8FCD-979E-42AE-99C2-810802C11D7D}
		{924A75E9-29E6-43E8-8AF4-04066BFC671A} = {21E16165-03F4-4172-B960-7DA3A4901B3A}
		{19E12E9C-BA43-484B-9A44-A80B80E71A9F} = {21E16165-03F4-4172-B960-7DA3A4901B3A}
		{D1FB252E-326C-4203-99FB-4A7593235878} = {21E16165-03F4-4172-B960-7DA3A4901B3A}
	EndGlobalSection
	GlobalSection(ExtensibilityGlobals) = postSolution
		SolutionGuid = {9C0B0C4C-2A03-435E-8E56-1A49D1E0120B}
	EndGlobalSection
EndGlobal
