
Microsoft Visual Studio Solution File, Format Version 12.00
# Visual Studio 15
VisualStudioVersion = 15.0.27703.2047
MinimumVisualStudioVersion = 10.0.40219.1
Project("{FAE04EC0-301F-11D3-BF4B-00C04F79EFBC}") = "OrderService", "OrderService\OrderService.csproj", "{632C7829-D0E7-4AD6-8D35-D7B0951404DA}"
EndProject
Project("{FAE04EC0-301F-11D3-BF4B-00C04F79EFBC}") = "Events", "Events\Events.csproj", "{80C828E6-5D82-4926-B9BF-3544E148A21C}"
EndProject
Project("{FAE04EC0-301F-11D3-BF4B-00C04F79EFBC}") = "StorageService", "StorageService\StorageService.csproj", "{296402EF-40E1-4FC0-8E9E-24E4D1AD42C1}"
EndProject
Project("{FAE04EC0-301F-11D3-BF4B-00C04F79EFBC}") = "DeliveryService", "DeliveryService\DeliveryService.csproj", "{4732E614-E2F1-4187-8361-73182D83BC9A}"
EndProject
Global
	GlobalSection(SolutionConfigurationPlatforms) = preSolution
		Debug|Any CPU = Debug|Any CPU
		Release|Any CPU = Release|Any CPU
	EndGlobalSection
	GlobalSection(ProjectConfigurationPlatforms) = postSolution
		{632C7829-D0E7-4AD6-8D35-D7B0951404DA}.Debug|Any CPU.ActiveCfg = Debug|Any CPU
		{632C7829-D0E7-4AD6-8D35-D7B0951404DA}.Debug|Any CPU.Build.0 = Debug|Any CPU
		{632C7829-D0E7-4AD6-8D35-D7B0951404DA}.Release|Any CPU.ActiveCfg = Release|Any CPU
		{632C7829-D0E7-4AD6-8D35-D7B0951404DA}.Release|Any CPU.Build.0 = Release|Any CPU
		{80C828E6-5D82-4926-B9BF-3544E148A21C}.Debug|Any CPU.ActiveCfg = Debug|Any CPU
		{80C828E6-5D82-4926-B9BF-3544E148A21C}.Debug|Any CPU.Build.0 = Debug|Any CPU
		{80C828E6-5D82-4926-B9BF-3544E148A21C}.Release|Any CPU.ActiveCfg = Release|Any CPU
		{80C828E6-5D82-4926-B9BF-3544E148A21C}.Release|Any CPU.Build.0 = Release|Any CPU
		{296402EF-40E1-4FC0-8E9E-24E4D1AD42C1}.Debug|Any CPU.ActiveCfg = Debug|Any CPU
		{296402EF-40E1-4FC0-8E9E-24E4D1AD42C1}.Debug|Any CPU.Build.0 = Debug|Any CPU
		{296402EF-40E1-4FC0-8E9E-24E4D1AD42C1}.Release|Any CPU.ActiveCfg = Release|Any CPU
		{296402EF-40E1-4FC0-8E9E-24E4D1AD42C1}.Release|Any CPU.Build.0 = Release|Any CPU
		{4732E614-E2F1-4187-8361-73182D83BC9A}.Debug|Any CPU.ActiveCfg = Debug|Any CPU
		{4732E614-E2F1-4187-8361-73182D83BC9A}.Debug|Any CPU.Build.0 = Debug|Any CPU
		{4732E614-E2F1-4187-8361-73182D83BC9A}.Release|Any CPU.ActiveCfg = Release|Any CPU
		{4732E614-E2F1-4187-8361-73182D83BC9A}.Release|Any CPU.Build.0 = Release|Any CPU
	EndGlobalSection
	GlobalSection(SolutionProperties) = preSolution
		HideSolutionNode = FALSE
	EndGlobalSection
	GlobalSection(ExtensibilityGlobals) = postSolution
		SolutionGuid = {ED022199-3918-42CC-8261-E91185E7465E}
	EndGlobalSection
EndGlobal
