
Microsoft Visual Studio Solution File, Format Version 12.00
# Visual Studio 15
VisualStudioVersion = 15.0.27703.2047
MinimumVisualStudioVersion = 10.0.40219.1
Project("{9A19103F-16F7-4668-BE54-9A1E7A4F7556}") = "OrderService", "OrderService\OrderService.csproj", "{632C7829-D0E7-4AD6-8D35-D7B0951404DA}"
EndProject
Project("{9A19103F-16F7-4668-BE54-9A1E7A4F7556}") = "Events", "Events\Events.csproj", "{80C828E6-5D82-4926-B9BF-3544E148A21C}"
EndProject
Project("{9A19103F-16F7-4668-BE54-9A1E7A4F7556}") = "StorageService", "StorageService\StorageService.csproj", "{296402EF-40E1-4FC0-8E9E-24E4D1AD42C1}"
EndProject
Project("{9A19103F-16F7-4668-BE54-9A1E7A4F7556}") = "DeliveryService", "DeliveryService\DeliveryService.csproj", "{4732E614-E2F1-4187-8361-73182D83BC9A}"
EndProject
Project("{2150E333-8FDC-42A3-9474-1A3956D46DE8}") = "Demo1", "Demo1", "{A5DEAA0C-0D75-4240-890D-E88598572AC9}"
EndProject
Project("{9A19103F-16F7-4668-BE54-9A1E7A4F7556}") = "CapService1", "CapService1\CapService1.csproj", "{850B3979-850D-44F8-9E5B-F0FB0425280C}"
EndProject
Project("{9A19103F-16F7-4668-BE54-9A1E7A4F7556}") = "Common", "Common\Common.csproj", "{12123E06-338A-49DD-B376-71A7B5D27939}"
EndProject
Project("{2150E333-8FDC-42A3-9474-1A3956D46DE8}") = "Demo2", "Demo2", "{FEA14BF3-2E9A-4ED3-86D9-0C45FA47EFC0}"
EndProject
Project("{9A19103F-16F7-4668-BE54-9A1E7A4F7556}") = "Entity", "Entity\Entity.csproj", "{053DC9BC-205F-40D7-A096-474AC28A6D89}"
EndProject
Project("{9A19103F-16F7-4668-BE54-9A1E7A4F7556}") = "Demo2OrderService", "Demo2OrderService\Demo2OrderService.csproj", "{C813F2AC-73AF-4E9A-AA95-3B33699E3330}"
EndProject
Project("{9A19103F-16F7-4668-BE54-9A1E7A4F7556}") = "Demo2WarehouseService", "Demo2WarehouseService\Demo2WarehouseService.csproj", "{64D0ABE0-85F1-4528-A7C4-80D911655BE4}"
EndProject
Project("{9A19103F-16F7-4668-BE54-9A1E7A4F7556}") = "Demo2UserService", "Demo2UserService\Demo2UserService.csproj", "{A1EC9F63-346D-4795-AFA2-F7A594851B60}"
EndProject
Project("{9A19103F-16F7-4668-BE54-9A1E7A4F7556}") = "Demo2BusineAccount", "BusineAccount\Demo2BusineAccount.csproj", "{77AF1CED-646A-4049-8BE9-95A10E3B1B1F}"
EndProject
Project("{2150E333-8FDC-42A3-9474-1A3956D46DE8}") = "Demo3", "Demo3", "{7BAB7C7C-F0BA-43AC-97E7-2A371DC57588}"
EndProject
Project("{FAE04EC0-301F-11D3-BF4B-00C04F79EFBC}") = "Demo3Publish", "Demo3Publish\Demo3Publish.csproj", "{BFB64914-A419-4874-A450-9E1F803F93D6}"
EndProject
Project("{FAE04EC0-301F-11D3-BF4B-00C04F79EFBC}") = "Demo3Subscribe", "Demo3Subscribe\Demo3Subscribe.csproj", "{E4AD806F-858B-40A4-97F0-42E7C81101C1}"
EndProject
Global
	GlobalSection(SolutionConfigurationPlatforms) = preSolution
		Debug|Any CPU = Debug|Any CPU
		Release|Any CPU = Release|Any CPU
	EndGlobalSection
	GlobalSection(ProjectConfigurationPlatforms) = postSolution
		{632C7829-D0E7-4AD6-8D35-D7B0951404DA}.Debug|Any CPU.ActiveCfg = Debug|Any CPU
		{632C7829-D0E7-4AD6-8D35-D7B0951404DA}.Debug|Any CPU.Build.0 = Debug|Any CPU
		{632C7829-D0E7-4AD6-8D35-D7B0951404DA}.Release|Any CPU.ActiveCfg = Release|Any CPU
		{632C7829-D0E7-4AD6-8D35-D7B0951404DA}.Release|Any CPU.Build.0 = Release|Any CPU
		{80C828E6-5D82-4926-B9BF-3544E148A21C}.Debug|Any CPU.ActiveCfg = Debug|Any CPU
		{80C828E6-5D82-4926-B9BF-3544E148A21C}.Debug|Any CPU.Build.0 = Debug|Any CPU
		{80C828E6-5D82-4926-B9BF-3544E148A21C}.Release|Any CPU.ActiveCfg = Release|Any CPU
		{80C828E6-5D82-4926-B9BF-3544E148A21C}.Release|Any CPU.Build.0 = Release|Any CPU
		{296402EF-40E1-4FC0-8E9E-24E4D1AD42C1}.Debug|Any CPU.ActiveCfg = Debug|Any CPU
		{296402EF-40E1-4FC0-8E9E-24E4D1AD42C1}.Debug|Any CPU.Build.0 = Debug|Any CPU
		{296402EF-40E1-4FC0-8E9E-24E4D1AD42C1}.Release|Any CPU.ActiveCfg = Release|Any CPU
		{296402EF-40E1-4FC0-8E9E-24E4D1AD42C1}.Release|Any CPU.Build.0 = Release|Any CPU
		{4732E614-E2F1-4187-8361-73182D83BC9A}.Debug|Any CPU.ActiveCfg = Debug|Any CPU
		{4732E614-E2F1-4187-8361-73182D83BC9A}.Debug|Any CPU.Build.0 = Debug|Any CPU
		{4732E614-E2F1-4187-8361-73182D83BC9A}.Release|Any CPU.ActiveCfg = Release|Any CPU
		{4732E614-E2F1-4187-8361-73182D83BC9A}.Release|Any CPU.Build.0 = Release|Any CPU
		{850B3979-850D-44F8-9E5B-F0FB0425280C}.Debug|Any CPU.ActiveCfg = Debug|Any CPU
		{850B3979-850D-44F8-9E5B-F0FB0425280C}.Debug|Any CPU.Build.0 = Debug|Any CPU
		{850B3979-850D-44F8-9E5B-F0FB0425280C}.Release|Any CPU.ActiveCfg = Release|Any CPU
		{850B3979-850D-44F8-9E5B-F0FB0425280C}.Release|Any CPU.Build.0 = Release|Any CPU
		{12123E06-338A-49DD-B376-71A7B5D27939}.Debug|Any CPU.ActiveCfg = Debug|Any CPU
		{12123E06-338A-49DD-B376-71A7B5D27939}.Debug|Any CPU.Build.0 = Debug|Any CPU
		{12123E06-338A-49DD-B376-71A7B5D27939}.Release|Any CPU.ActiveCfg = Release|Any CPU
		{12123E06-338A-49DD-B376-71A7B5D27939}.Release|Any CPU.Build.0 = Release|Any CPU
		{053DC9BC-205F-40D7-A096-474AC28A6D89}.Debug|Any CPU.ActiveCfg = Debug|Any CPU
		{053DC9BC-205F-40D7-A096-474AC28A6D89}.Debug|Any CPU.Build.0 = Debug|Any CPU
		{053DC9BC-205F-40D7-A096-474AC28A6D89}.Release|Any CPU.ActiveCfg = Release|Any CPU
		{053DC9BC-205F-40D7-A096-474AC28A6D89}.Release|Any CPU.Build.0 = Release|Any CPU
		{C813F2AC-73AF-4E9A-AA95-3B33699E3330}.Debug|Any CPU.ActiveCfg = Debug|Any CPU
		{C813F2AC-73AF-4E9A-AA95-3B33699E3330}.Debug|Any CPU.Build.0 = Debug|Any CPU
		{C813F2AC-73AF-4E9A-AA95-3B33699E3330}.Release|Any CPU.ActiveCfg = Release|Any CPU
		{C813F2AC-73AF-4E9A-AA95-3B33699E3330}.Release|Any CPU.Build.0 = Release|Any CPU
		{64D0ABE0-85F1-4528-A7C4-80D911655BE4}.Debug|Any CPU.ActiveCfg = Debug|Any CPU
		{64D0ABE0-85F1-4528-A7C4-80D911655BE4}.Debug|Any CPU.Build.0 = Debug|Any CPU
		{64D0ABE0-85F1-4528-A7C4-80D911655BE4}.Release|Any CPU.ActiveCfg = Release|Any CPU
		{64D0ABE0-85F1-4528-A7C4-80D911655BE4}.Release|Any CPU.Build.0 = Release|Any CPU
		{A1EC9F63-346D-4795-AFA2-F7A594851B60}.Debug|Any CPU.ActiveCfg = Debug|Any CPU
		{A1EC9F63-346D-4795-AFA2-F7A594851B60}.Debug|Any CPU.Build.0 = Debug|Any CPU
		{A1EC9F63-346D-4795-AFA2-F7A594851B60}.Release|Any CPU.ActiveCfg = Release|Any CPU
		{A1EC9F63-346D-4795-AFA2-F7A594851B60}.Release|Any CPU.Build.0 = Release|Any CPU
		{77AF1CED-646A-4049-8BE9-95A10E3B1B1F}.Debug|Any CPU.ActiveCfg = Debug|Any CPU
		{77AF1CED-646A-4049-8BE9-95A10E3B1B1F}.Debug|Any CPU.Build.0 = Debug|Any CPU
		{77AF1CED-646A-4049-8BE9-95A10E3B1B1F}.Release|Any CPU.ActiveCfg = Release|Any CPU
		{77AF1CED-646A-4049-8BE9-95A10E3B1B1F}.Release|Any CPU.Build.0 = Release|Any CPU
		{BFB64914-A419-4874-A450-9E1F803F93D6}.Debug|Any CPU.ActiveCfg = Debug|Any CPU
		{BFB64914-A419-4874-A450-9E1F803F93D6}.Debug|Any CPU.Build.0 = Debug|Any CPU
		{BFB64914-A419-4874-A450-9E1F803F93D6}.Release|Any CPU.ActiveCfg = Release|Any CPU
		{BFB64914-A419-4874-A450-9E1F803F93D6}.Release|Any CPU.Build.0 = Release|Any CPU
		{E4AD806F-858B-40A4-97F0-42E7C81101C1}.Debug|Any CPU.ActiveCfg = Debug|Any CPU
		{E4AD806F-858B-40A4-97F0-42E7C81101C1}.Debug|Any CPU.Build.0 = Debug|Any CPU
		{E4AD806F-858B-40A4-97F0-42E7C81101C1}.Release|Any CPU.ActiveCfg = Release|Any CPU
		{E4AD806F-858B-40A4-97F0-42E7C81101C1}.Release|Any CPU.Build.0 = Release|Any CPU
	EndGlobalSection
	GlobalSection(SolutionProperties) = preSolution
		HideSolutionNode = FALSE
	EndGlobalSection
	GlobalSection(NestedProjects) = preSolution
		{850B3979-850D-44F8-9E5B-F0FB0425280C} = {A5DEAA0C-0D75-4240-890D-E88598572AC9}
		{053DC9BC-205F-40D7-A096-474AC28A6D89} = {FEA14BF3-2E9A-4ED3-86D9-0C45FA47EFC0}
		{C813F2AC-73AF-4E9A-AA95-3B33699E3330} = {FEA14BF3-2E9A-4ED3-86D9-0C45FA47EFC0}
		{64D0ABE0-85F1-4528-A7C4-80D911655BE4} = {FEA14BF3-2E9A-4ED3-86D9-0C45FA47EFC0}
		{A1EC9F63-346D-4795-AFA2-F7A594851B60} = {FEA14BF3-2E9A-4ED3-86D9-0C45FA47EFC0}
		{77AF1CED-646A-4049-8BE9-95A10E3B1B1F} = {FEA14BF3-2E9A-4ED3-86D9-0C45FA47EFC0}
		{BFB64914-A419-4874-A450-9E1F803F93D6} = {7BAB7C7C-F0BA-43AC-97E7-2A371DC57588}
		{E4AD806F-858B-40A4-97F0-42E7C81101C1} = {7BAB7C7C-F0BA-43AC-97E7-2A371DC57588}
	EndGlobalSection
	GlobalSection(ExtensibilityGlobals) = postSolution
		SolutionGuid = {ED022199-3918-42CC-8261-E91185E7465E}
	EndGlobalSection
EndGlobal
