
Microsoft Visual Studio Solution File, Format Version 12.00
# Visual Studio 15
VisualStudioVersion = 15.0.27703.2018
MinimumVisualStudioVersion = 10.0.40219.1
Project("{9A19103F-16F7-4668-BE54-9A1E7A4F7556}") = "Singleton", "Singleton\Singleton.csproj", "{2126837B-7684-4E89-99FD-F58D06BFA7B8}"
EndProject
Project("{9A19103F-16F7-4668-BE54-9A1E7A4F7556}") = "SimpleFactory", "SimpleFactory\SimpleFactory.csproj", "{70AB4A2D-82BA-4DFF-A3D6-0C6387670A81}"
EndProject
Project("{9A19103F-16F7-4668-BE54-9A1E7A4F7556}") = "FactoryMethod", "FactoryMethod\FactoryMethod.csproj", "{75A6366D-BCA5-480C-AFAF-0EC92575C2B6}"
EndProject
Project("{9A19103F-16F7-4668-BE54-9A1E7A4F7556}") = "AbstractFactory", "AbstractFactory\AbstractFactory.csproj", "{E4D99CC7-1D3A-48C5-A69D-083C28756270}"
EndProject
Project("{9A19103F-16F7-4668-BE54-9A1E7A4F7556}") = "Builder", "Builder\Builder.csproj", "{298EC9D9-6FED-4FF2-BEC1-D4E5A70835BE}"
EndProject
Project("{9A19103F-16F7-4668-BE54-9A1E7A4F7556}") = "Prototype", "Prototype\Prototype.csproj", "{0BDC8B7C-89B5-4115-A652-56E8B0878104}"
EndProject
Project("{9A19103F-16F7-4668-BE54-9A1E7A4F7556}") = "Adapter", "Adapter\Adapter.csproj", "{B2559133-9F82-458C-8276-BCCBF18625CB}"
EndProject
Project("{9A19103F-16F7-4668-BE54-9A1E7A4F7556}") = "Bridge", "Bridge\Bridge.csproj", "{EB0E549A-4C63-4C80-AF7D-3112A963AA92}"
EndProject
Project("{9A19103F-16F7-4668-BE54-9A1E7A4F7556}") = "Decorator", "Decorator\Decorator.csproj", "{2C719E05-DA1B-4C76-9E7C-F7939BA0334D}"
EndProject
Project("{9A19103F-16F7-4668-BE54-9A1E7A4F7556}") = "Composite", "Composite\Composite.csproj", "{844BF0A7-6E78-4A54-AA85-9AC93837B513}"
EndProject
Project("{9A19103F-16F7-4668-BE54-9A1E7A4F7556}") = "Facade", "Facade\Facade.csproj", "{835BC43A-2271-46DD-B685-87B49E9A9BE4}"
EndProject
Project("{9A19103F-16F7-4668-BE54-9A1E7A4F7556}") = "Flyweight", "Flyweight\Flyweight.csproj", "{13AEA032-0E30-4F95-B555-2879F746CDCA}"
EndProject
Project("{9A19103F-16F7-4668-BE54-9A1E7A4F7556}") = "Proxy", "Proxy\Proxy.csproj", "{E5F35A2E-E91A-4AF6-A23C-441042DFD297}"
EndProject
Project("{9A19103F-16F7-4668-BE54-9A1E7A4F7556}") = "Template", "Template\Template.csproj", "{6352C153-35EE-4991-A239-8EA0BE20B9C7}"
EndProject
Project("{FAE04EC0-301F-11D3-BF4B-00C04F79EFBC}") = "Command", "Command\Command.csproj", "{EE4CAAC8-98BA-4B4F-8EEF-62A48F87C6EB}"
EndProject
Project("{FAE04EC0-301F-11D3-BF4B-00C04F79EFBC}") = "Iterator", "Iterator\Iterator.csproj", "{EC358829-02B1-4E04-B5F3-C1588B1DC65C}"
EndProject
Global
	GlobalSection(SolutionConfigurationPlatforms) = preSolution
		Debug|Any CPU = Debug|Any CPU
		Release|Any CPU = Release|Any CPU
	EndGlobalSection
	GlobalSection(ProjectConfigurationPlatforms) = postSolution
		{2126837B-7684-4E89-99FD-F58D06BFA7B8}.Debug|Any CPU.ActiveCfg = Debug|Any CPU
		{2126837B-7684-4E89-99FD-F58D06BFA7B8}.Debug|Any CPU.Build.0 = Debug|Any CPU
		{2126837B-7684-4E89-99FD-F58D06BFA7B8}.Release|Any CPU.ActiveCfg = Release|Any CPU
		{2126837B-7684-4E89-99FD-F58D06BFA7B8}.Release|Any CPU.Build.0 = Release|Any CPU
		{70AB4A2D-82BA-4DFF-A3D6-0C6387670A81}.Debug|Any CPU.ActiveCfg = Debug|Any CPU
		{70AB4A2D-82BA-4DFF-A3D6-0C6387670A81}.Debug|Any CPU.Build.0 = Debug|Any CPU
		{70AB4A2D-82BA-4DFF-A3D6-0C6387670A81}.Release|Any CPU.ActiveCfg = Release|Any CPU
		{70AB4A2D-82BA-4DFF-A3D6-0C6387670A81}.Release|Any CPU.Build.0 = Release|Any CPU
		{75A6366D-BCA5-480C-AFAF-0EC92575C2B6}.Debug|Any CPU.ActiveCfg = Debug|Any CPU
		{75A6366D-BCA5-480C-AFAF-0EC92575C2B6}.Debug|Any CPU.Build.0 = Debug|Any CPU
		{75A6366D-BCA5-480C-AFAF-0EC92575C2B6}.Release|Any CPU.ActiveCfg = Release|Any CPU
		{75A6366D-BCA5-480C-AFAF-0EC92575C2B6}.Release|Any CPU.Build.0 = Release|Any CPU
		{E4D99CC7-1D3A-48C5-A69D-083C28756270}.Debug|Any CPU.ActiveCfg = Debug|Any CPU
		{E4D99CC7-1D3A-48C5-A69D-083C28756270}.Debug|Any CPU.Build.0 = Debug|Any CPU
		{E4D99CC7-1D3A-48C5-A69D-083C28756270}.Release|Any CPU.ActiveCfg = Release|Any CPU
		{E4D99CC7-1D3A-48C5-A69D-083C28756270}.Release|Any CPU.Build.0 = Release|Any CPU
		{298EC9D9-6FED-4FF2-BEC1-D4E5A70835BE}.Debug|Any CPU.ActiveCfg = Debug|Any CPU
		{298EC9D9-6FED-4FF2-BEC1-D4E5A70835BE}.Debug|Any CPU.Build.0 = Debug|Any CPU
		{298EC9D9-6FED-4FF2-BEC1-D4E5A70835BE}.Release|Any CPU.ActiveCfg = Release|Any CPU
		{298EC9D9-6FED-4FF2-BEC1-D4E5A70835BE}.Release|Any CPU.Build.0 = Release|Any CPU
		{0BDC8B7C-89B5-4115-A652-56E8B0878104}.Debug|Any CPU.ActiveCfg = Debug|Any CPU
		{0BDC8B7C-89B5-4115-A652-56E8B0878104}.Debug|Any CPU.Build.0 = Debug|Any CPU
		{0BDC8B7C-89B5-4115-A652-56E8B0878104}.Release|Any CPU.ActiveCfg = Release|Any CPU
		{0BDC8B7C-89B5-4115-A652-56E8B0878104}.Release|Any CPU.Build.0 = Release|Any CPU
		{B2559133-9F82-458C-8276-BCCBF18625CB}.Debug|Any CPU.ActiveCfg = Debug|Any CPU
		{B2559133-9F82-458C-8276-BCCBF18625CB}.Debug|Any CPU.Build.0 = Debug|Any CPU
		{B2559133-9F82-458C-8276-BCCBF18625CB}.Release|Any CPU.ActiveCfg = Release|Any CPU
		{B2559133-9F82-458C-8276-BCCBF18625CB}.Release|Any CPU.Build.0 = Release|Any CPU
		{EB0E549A-4C63-4C80-AF7D-3112A963AA92}.Debug|Any CPU.ActiveCfg = Debug|Any CPU
		{EB0E549A-4C63-4C80-AF7D-3112A963AA92}.Debug|Any CPU.Build.0 = Debug|Any CPU
		{EB0E549A-4C63-4C80-AF7D-3112A963AA92}.Release|Any CPU.ActiveCfg = Release|Any CPU
		{EB0E549A-4C63-4C80-AF7D-3112A963AA92}.Release|Any CPU.Build.0 = Release|Any CPU
		{2C719E05-DA1B-4C76-9E7C-F7939BA0334D}.Debug|Any CPU.ActiveCfg = Debug|Any CPU
		{2C719E05-DA1B-4C76-9E7C-F7939BA0334D}.Debug|Any CPU.Build.0 = Debug|Any CPU
		{2C719E05-DA1B-4C76-9E7C-F7939BA0334D}.Release|Any CPU.ActiveCfg = Release|Any CPU
		{2C719E05-DA1B-4C76-9E7C-F7939BA0334D}.Release|Any CPU.Build.0 = Release|Any CPU
		{844BF0A7-6E78-4A54-AA85-9AC93837B513}.Debug|Any CPU.ActiveCfg = Debug|Any CPU
		{844BF0A7-6E78-4A54-AA85-9AC93837B513}.Debug|Any CPU.Build.0 = Debug|Any CPU
		{844BF0A7-6E78-4A54-AA85-9AC93837B513}.Release|Any CPU.ActiveCfg = Release|Any CPU
		{844BF0A7-6E78-4A54-AA85-9AC93837B513}.Release|Any CPU.Build.0 = Release|Any CPU
		{835BC43A-2271-46DD-B685-87B49E9A9BE4}.Debug|Any CPU.ActiveCfg = Debug|Any CPU
		{835BC43A-2271-46DD-B685-87B49E9A9BE4}.Debug|Any CPU.Build.0 = Debug|Any CPU
		{835BC43A-2271-46DD-B685-87B49E9A9BE4}.Release|Any CPU.ActiveCfg = Release|Any CPU
		{835BC43A-2271-46DD-B685-87B49E9A9BE4}.Release|Any CPU.Build.0 = Release|Any CPU
		{13AEA032-0E30-4F95-B555-2879F746CDCA}.Debug|Any CPU.ActiveCfg = Debug|Any CPU
		{13AEA032-0E30-4F95-B555-2879F746CDCA}.Debug|Any CPU.Build.0 = Debug|Any CPU
		{13AEA032-0E30-4F95-B555-2879F746CDCA}.Release|Any CPU.ActiveCfg = Release|Any CPU
		{13AEA032-0E30-4F95-B555-2879F746CDCA}.Release|Any CPU.Build.0 = Release|Any CPU
		{E5F35A2E-E91A-4AF6-A23C-441042DFD297}.Debug|Any CPU.ActiveCfg = Debug|Any CPU
		{E5F35A2E-E91A-4AF6-A23C-441042DFD297}.Debug|Any CPU.Build.0 = Debug|Any CPU
		{E5F35A2E-E91A-4AF6-A23C-441042DFD297}.Release|Any CPU.ActiveCfg = Release|Any CPU
		{E5F35A2E-E91A-4AF6-A23C-441042DFD297}.Release|Any CPU.Build.0 = Release|Any CPU
		{6352C153-35EE-4991-A239-8EA0BE20B9C7}.Debug|Any CPU.ActiveCfg = Debug|Any CPU
		{6352C153-35EE-4991-A239-8EA0BE20B9C7}.Debug|Any CPU.Build.0 = Debug|Any CPU
		{6352C153-35EE-4991-A239-8EA0BE20B9C7}.Release|Any CPU.ActiveCfg = Release|Any CPU
		{6352C153-35EE-4991-A239-8EA0BE20B9C7}.Release|Any CPU.Build.0 = Release|Any CPU
		{EE4CAAC8-98BA-4B4F-8EEF-62A48F87C6EB}.Debug|Any CPU.ActiveCfg = Debug|Any CPU
		{EE4CAAC8-98BA-4B4F-8EEF-62A48F87C6EB}.Debug|Any CPU.Build.0 = Debug|Any CPU
		{EE4CAAC8-98BA-4B4F-8EEF-62A48F87C6EB}.Release|Any CPU.ActiveCfg = Release|Any CPU
		{EE4CAAC8-98BA-4B4F-8EEF-62A48F87C6EB}.Release|Any CPU.Build.0 = Release|Any CPU
		{EC358829-02B1-4E04-B5F3-C1588B1DC65C}.Debug|Any CPU.ActiveCfg = Debug|Any CPU
		{EC358829-02B1-4E04-B5F3-C1588B1DC65C}.Debug|Any CPU.Build.0 = Debug|Any CPU
		{EC358829-02B1-4E04-B5F3-C1588B1DC65C}.Release|Any CPU.ActiveCfg = Release|Any CPU
		{EC358829-02B1-4E04-B5F3-C1588B1DC65C}.Release|Any CPU.Build.0 = Release|Any CPU
	EndGlobalSection
	GlobalSection(SolutionProperties) = preSolution
		HideSolutionNode = FALSE
	EndGlobalSection
	GlobalSection(ExtensibilityGlobals) = postSolution
		SolutionGuid = {79BDAFD1-32C5-4CAD-9A62-91E601742781}
	EndGlobalSection
EndGlobal
